<?xml version="1.0" encoding="utf-8"?>
<Project ToolsVersion="4.0" xmlns="http://schemas.microsoft.com/developer/msbuild/2003">
  <ItemGroup>
    <Filter Include="源文件">
      <UniqueIdentifier>{4FC737F1-C7A5-4376-A066-2A32D752A2FF}</UniqueIdentifier>
      <Extensions>cpp;c;cc;cxx;c++;cppm;ixx;def;odl;idl;hpj;bat;asm;asmx</Extensions>
    </Filter>
    <Filter Include="头文件">
      <UniqueIdentifier>{93995380-89BD-4b04-88EB-625FBE52EBFB}</UniqueIdentifier>
      <Extensions>h;hh;hpp;hxx;h++;hm;inl;inc;ipp;xsd</Extensions>
    </Filter>
    <Filter Include="资源文件">
      <UniqueIdentifier>{67DA6AB6-F800-4c08-8B7A-83BB121AAD01}</UniqueIdentifier>
      <Extensions>rc;ico;cur;bmp;dlg;rc2;rct;bin;rgs;gif;jpg;jpeg;jpe;resx;tiff;tif;png;wav;mfcribbon-ms</Extensions>
    </Filter>
    <Filter Include="源文件\CppUtils">
      <UniqueIdentifier>{620f1f57-fc08-4162-a4d5-e8d692c8efc1}</UniqueIdentifier>
    </Filter>
    <Filter Include="源文件\CppUtils\OpenGL">
      <UniqueIdentifier>{5848307a-f9d9-4524-9204-15d99fce0a6e}</UniqueIdentifier>
    </Filter>
    <Filter Include="源文件\CppUtils\Base">
      <UniqueIdentifier>{64584e2d-0dee-49bb-b625-2715e833b6e0}</UniqueIdentifier>
    </Filter>
    <Filter Include="源文件\CppUtils\OpenGL\Texture">
      <UniqueIdentifier>{b87c63f4-997a-41fd-aa1a-ecf94889ca7e}</UniqueIdentifier>
    </Filter>
    <Filter Include="源文件\CppUtils\RTX">
      <UniqueIdentifier>{9679969f-a85d-4c45-b0be-b92ae3b9c046}</UniqueIdentifier>
    </Filter>
    <Filter Include="源文件\CppUtils\RTX\Hitable">
      <UniqueIdentifier>{2347ad12-7b49-487f-b2e0-77648a1e5933}</UniqueIdentifier>
    </Filter>
    <Filter Include="源文件\CppUtils\RTX\Material">
      <UniqueIdentifier>{c8081369-a258-4409-98ce-fee847b7dd7f}</UniqueIdentifier>
    </Filter>
    <Filter Include="源文件\CppUtils\RTX\GenData">
      <UniqueIdentifier>{bf9f7720-92ab-47f0-afc4-5e4363e8acc3}</UniqueIdentifier>
    </Filter>
    <Filter Include="源文件\CppUtils\RTX\RT_Texture">
      <UniqueIdentifier>{1b0691d5-0e8a-413a-bb77-8493dad81e1a}</UniqueIdentifier>
    </Filter>
    <Filter Include="源文件\CppUtils\Base\HeapObj">
      <UniqueIdentifier>{f67d2d5e-3696-4348-b3d5-9c5595ada736}</UniqueIdentifier>
    </Filter>
    <Filter Include="源文件\CppUtils\Base\Math">
      <UniqueIdentifier>{db1cdd1b-31fb-488f-98b0-18d7c419e7bb}</UniqueIdentifier>
    </Filter>
    <Filter Include="源文件\CppUtils\OpenGL\Model">
      <UniqueIdentifier>{ade0a1af-0a70-4e82-b6c3-8ee64574e167}</UniqueIdentifier>
    </Filter>
    <Filter Include="源文件\CppUtils\RTX\Scene">
      <UniqueIdentifier>{e32794fd-f053-4d8b-ad69-4c53c72483cd}</UniqueIdentifier>
    </Filter>
    <Filter Include="源文件\CppUtils\RTX\RTXCamera">
      <UniqueIdentifier>{43aff638-d7e6-4c92-b49c-edaac29a2827}</UniqueIdentifier>
    </Filter>
    <Filter Include="源文件\Temp">
      <UniqueIdentifier>{f6c99080-b285-43c5-b577-22af06f6fe2d}</UniqueIdentifier>
    </Filter>
    <Filter Include="源文件\CppUtils\Base\Operation">
      <UniqueIdentifier>{8edb9100-8d59-425f-a3da-c516f68885ee}</UniqueIdentifier>
    </Filter>
    <Filter Include="源文件\CppUtils\RTX\ImgWindow">
      <UniqueIdentifier>{3f85ca15-18bf-4022-afda-7c8225bc3aa9}</UniqueIdentifier>
    </Filter>
    <Filter Include="源文件\CppUtils\Base\Config">
      <UniqueIdentifier>{6cee35e1-8faa-4402-be40-4f5f9b83c4a7}</UniqueIdentifier>
    </Filter>
    <Filter Include="源文件\CppUtils\Base\EvenManager">
      <UniqueIdentifier>{d6eb8879-8967-4295-8a92-d4d790fddef0}</UniqueIdentifier>
    </Filter>
  </ItemGroup>
  <ItemGroup>
    <ClCompile Include="src\CppUtil\OpenGL\Texture\glTexture.cpp">
      <Filter>源文件\CppUtils\OpenGL\Texture</Filter>
    </ClCompile>
    <ClCompile Include="src\CppUtil\RTX\Hitable\AABB.cpp">
      <Filter>源文件\CppUtils\RTX\Hitable</Filter>
    </ClCompile>
    <ClCompile Include="src\CppUtil\RTX\Hitable\BVH_Node.cpp">
      <Filter>源文件\CppUtils\RTX\Hitable</Filter>
    </ClCompile>
    <ClCompile Include="src\CppUtil\RTX\Hitable\Group.cpp">
      <Filter>源文件\CppUtils\RTX\Hitable</Filter>
    </ClCompile>
    <ClCompile Include="src\CppUtil\RTX\Hitable\Hitable.cpp">
      <Filter>源文件\CppUtils\RTX\Hitable</Filter>
    </ClCompile>
    <ClCompile Include="src\CppUtil\RTX\Hitable\HitableVisitor.cpp">
      <Filter>源文件\CppUtils\RTX\Hitable</Filter>
    </ClCompile>
    <ClCompile Include="src\CppUtil\RTX\Hitable\Model.cpp">
      <Filter>源文件\CppUtils\RTX\Hitable</Filter>
    </ClCompile>
    <ClCompile Include="src\CppUtil\RTX\Hitable\MoveSphere.cpp">
      <Filter>源文件\CppUtils\RTX\Hitable</Filter>
    </ClCompile>
    <ClCompile Include="src\CppUtil\RTX\Hitable\Sky.cpp">
      <Filter>源文件\CppUtils\RTX\Hitable</Filter>
    </ClCompile>
    <ClCompile Include="src\CppUtil\RTX\Hitable\Sphere.cpp">
      <Filter>源文件\CppUtils\RTX\Hitable</Filter>
    </ClCompile>
    <ClCompile Include="src\CppUtil\RTX\Hitable\Transform.cpp">
      <Filter>源文件\CppUtils\RTX\Hitable</Filter>
    </ClCompile>
    <ClCompile Include="src\CppUtil\RTX\Hitable\Triangle.cpp">
      <Filter>源文件\CppUtils\RTX\Hitable</Filter>
    </ClCompile>
    <ClCompile Include="src\CppUtil\RTX\Hitable\TriMesh.cpp">
      <Filter>源文件\CppUtils\RTX\Hitable</Filter>
    </ClCompile>
    <ClCompile Include="src\CppUtil\RTX\Hitable\Volume.cpp">
      <Filter>源文件\CppUtils\RTX\Hitable</Filter>
    </ClCompile>
    <ClCompile Include="src\CppUtil\RTX\Material\Dielectric.cpp">
      <Filter>源文件\CppUtils\RTX\Material</Filter>
    </ClCompile>
    <ClCompile Include="src\CppUtil\RTX\Material\Isotropic.cpp">
      <Filter>源文件\CppUtils\RTX\Material</Filter>
    </ClCompile>
    <ClCompile Include="src\CppUtil\RTX\Material\Lambertian.cpp">
      <Filter>源文件\CppUtils\RTX\Material</Filter>
    </ClCompile>
    <ClCompile Include="src\CppUtil\RTX\Material\Light.cpp">
      <Filter>源文件\CppUtils\RTX\Material</Filter>
    </ClCompile>
    <ClCompile Include="src\CppUtil\RTX\Material\Material.cpp">
      <Filter>源文件\CppUtils\RTX\Material</Filter>
    </ClCompile>
    <ClCompile Include="src\CppUtil\RTX\Material\MatVisitor.cpp">
      <Filter>源文件\CppUtils\RTX\Material</Filter>
    </ClCompile>
    <ClCompile Include="src\CppUtil\RTX\Material\Metal.cpp">
      <Filter>源文件\CppUtils\RTX\Material</Filter>
    </ClCompile>
    <ClCompile Include="src\CppUtil\RTX\Material\OpMaterial.cpp">
      <Filter>源文件\CppUtils\RTX\Material</Filter>
    </ClCompile>
    <ClCompile Include="src\CppUtil\RTX\GenData\GenData.cpp">
      <Filter>源文件\CppUtils\RTX\GenData</Filter>
    </ClCompile>
    <ClCompile Include="src\CppUtil\RTX\GenData\GenData_HV.cpp">
      <Filter>源文件\CppUtils\RTX\GenData</Filter>
    </ClCompile>
    <ClCompile Include="src\CppUtil\RTX\GenData\GenData_MV.cpp">
      <Filter>源文件\CppUtils\RTX\GenData</Filter>
    </ClCompile>
    <ClCompile Include="src\CppUtil\RTX\GenData\GenData_TV.cpp">
      <Filter>源文件\CppUtils\RTX\GenData</Filter>
    </ClCompile>
    <ClCompile Include="src\CppUtil\RTX\Texture\ConstTexture.cpp">
      <Filter>源文件\CppUtils\RTX\RT_Texture</Filter>
    </ClCompile>
    <ClCompile Include="src\CppUtil\RTX\Texture\OpTexture.cpp">
      <Filter>源文件\CppUtils\RTX\RT_Texture</Filter>
    </ClCompile>
    <ClCompile Include="src\CppUtil\RTX\Texture\Skybox.cpp">
      <Filter>源文件\CppUtils\RTX\RT_Texture</Filter>
    </ClCompile>
    <ClCompile Include="src\CppUtil\RTX\Texture\Texture.cpp">
      <Filter>源文件\CppUtils\RTX\RT_Texture</Filter>
    </ClCompile>
    <ClCompile Include="src\CppUtil\RTX\Texture\TexVisitor.cpp">
      <Filter>源文件\CppUtils\RTX\RT_Texture</Filter>
    </ClCompile>
    <ClCompile Include="src\CppUtil\Basic\HeapObj\HeapObj.cpp">
      <Filter>源文件\CppUtils\Base\HeapObj</Filter>
    </ClCompile>
    <ClCompile Include="src\CppUtil\Basic\Math\Math.cpp">
      <Filter>源文件\CppUtils\Base\Math</Filter>
    </ClCompile>
    <ClCompile Include="src\CppUtil\Basic\Math\Perlin.cpp">
      <Filter>源文件\CppUtils\Base\Math</Filter>
    </ClCompile>
    <ClCompile Include="src\CppUtil\OpenGL\Model\glModel.cpp">
      <Filter>源文件\CppUtils\OpenGL\Model</Filter>
    </ClCompile>
    <ClCompile Include="COPY.cpp">
      <Filter>源文件</Filter>
    </ClCompile>
    <ClCompile Include="CommonDefine.cpp">
      <Filter>源文件</Filter>
    </ClCompile>
    <ClCompile Include="src\CppUtil\RTX\Scene\Scene.cpp">
      <Filter>源文件\CppUtils\RTX\Scene</Filter>
    </ClCompile>
    <ClCompile Include="src\CppUtil\OpenGL\Model\glTransform.cpp">
      <Filter>源文件\CppUtils\OpenGL\Model</Filter>
    </ClCompile>
    <ClCompile Include="src\CppUtil\RTX\RayCamera\RayCamera.cpp">
      <Filter>源文件\CppUtils\RTX\RTXCamera</Filter>
    </ClCompile>
    <ClCompile Include="src\CppUtil\RTX\RayCamera\TRayCamera.cpp">
      <Filter>源文件\CppUtils\RTX\RTXCamera</Filter>
    </ClCompile>
    <ClCompile Include="testRTX.cpp">
      <Filter>源文件</Filter>
    </ClCompile>
    <ClCompile Include="GPURoam.cpp">
      <Filter>源文件</Filter>
    </ClCompile>
    <ClCompile Include="src\CppUtil\RTX\Texture\ImgTexture.cpp">
      <Filter>源文件\CppUtils\RTX\RT_Texture</Filter>
    </ClCompile>
    <ClCompile Include="src\CppUtil\Basic\Operation\LambdaOp.cpp">
      <Filter>源文件\CppUtils\Base\Operation</Filter>
    </ClCompile>
    <ClCompile Include="src\CppUtil\Basic\Operation\Operation.cpp">
      <Filter>源文件\CppUtils\Base\Operation</Filter>
    </ClCompile>
    <ClCompile Include="src\CppUtil\Basic\Operation\OpQueue.cpp">
      <Filter>源文件\CppUtils\Base\Operation</Filter>
    </ClCompile>
    <ClCompile Include="src\CppUtil\RTX\ImgWindow\TexWindow.cpp">
      <Filter>源文件\CppUtils\RTX\ImgWindow</Filter>
    </ClCompile>
    <ClCompile Include="src\CppUtil\Basic\Operation\OpNode.cpp">
      <Filter>源文件\CppUtils\Base\Operation</Filter>
    </ClCompile>
    <ClCompile Include="src\CppUtil\Basic\Config\Config.cpp">
      <Filter>源文件\CppUtils\Base\Config</Filter>
    </ClCompile>
    <ClCompile Include="src\CppUtil\Basic\EventManager\EventManager.cpp">
      <Filter>源文件\CppUtils\Base\EvenManager</Filter>
    </ClCompile>
    <ClCompile Include="Blackhole.cpp">
      <Filter>源文件</Filter>
    </ClCompile>
    <ClCompile Include="src\CppUtil\OpenGL\Texture\glSkybox.cpp">
      <Filter>源文件\CppUtils\OpenGL\Texture</Filter>
    </ClCompile>
    <ClCompile Include="src\CppUtil\OpenGL\Camera\Camera.cpp">
      <Filter>源文件\CppUtils\OpenGL</Filter>
    </ClCompile>
    <ClCompile Include="src\CppUtil\OpenGL\FBO\FBO.cpp">
      <Filter>源文件\CppUtils\OpenGL</Filter>
    </ClCompile>
    <ClCompile Include="src\CppUtil\OpenGL\Glfw\Glfw.cpp">
      <Filter>源文件\CppUtils\OpenGL</Filter>
    </ClCompile>
    <ClCompile Include="src\CppUtil\OpenGL\GLFWwindow\glWindow.cpp">
      <Filter>源文件\CppUtils\OpenGL</Filter>
    </ClCompile>
    <ClCompile Include="src\CppUtil\OpenGL\Mesh\glMesh.cpp">
      <Filter>源文件\CppUtils\OpenGL</Filter>
    </ClCompile>
    <ClCompile Include="src\CppUtil\OpenGL\Scene\RAScene.cpp">
      <Filter>源文件\CppUtils\OpenGL</Filter>
    </ClCompile>
    <ClCompile Include="src\CppUtil\OpenGL\Shader\Shader.cpp">
      <Filter>源文件\CppUtils\OpenGL</Filter>
    </ClCompile>
    <ClCompile Include="src\CppUtil\OpenGL\VAO\VAO.cpp">
      <Filter>源文件\CppUtils\OpenGL</Filter>
    </ClCompile>
    <ClCompile Include="src\CppUtil\Basic\Timer\Timer.cpp">
      <Filter>源文件\CppUtils\Base</Filter>
    </ClCompile>
    <ClCompile Include="src\CppUtil\Basic\Image\Image.cpp">
      <Filter>源文件\CppUtils\Base</Filter>
    </ClCompile>
    <ClCompile Include="src\CppUtil\Basic\File\File.cpp">
      <Filter>源文件\CppUtils\Base</Filter>
    </ClCompile>
  </ItemGroup>
  <ItemGroup>
    <ClInclude Include="CommonDefine.h">
      <Filter>头文件</Filter>
    </ClInclude>
  </ItemGroup>
  <ItemGroup>
    <None Include="myRTX.frag">
      <Filter>资源文件</Filter>
    </None>
    <None Include="Blur.frag">
      <Filter>资源文件</Filter>
    </None>
    <None Include="myRTX2.frag">
      <Filter>资源文件</Filter>
    </None>
  </ItemGroup>
</Project>